
Microsoft Visual Studio Solution File, Format Version 12.00
# Visual Studio Version 17
VisualStudioVersion = 17.6.33829.357
MinimumVisualStudioVersion = 10.0.40219.1
Project("{FAE04EC0-301F-11D3-BF4B-00C04F79EFBC}") = "LeerMonedas", "LeerMonedas\LeerMonedas.csproj", "{91325396-30E5-488D-856A-B654128470E5}"
EndProject
Global
	GlobalSection(SolutionConfigurationPlatforms) = preSolution
		Debug|Any CPU = Debug|Any CPU
		Release|Any CPU = Release|Any CPU
	EndGlobalSection
	GlobalSection(ProjectConfigurationPlatforms) = postSolution
		{91325396-30E5-488D-856A-B654128470E5}.Debug|Any CPU.ActiveCfg = Debug|Any CPU
		{91325396-30E5-488D-856A-B654128470E5}.Debug|Any CPU.Build.0 = Debug|Any CPU
		{91325396-30E5-488D-856A-B654128470E5}.Release|Any CPU.ActiveCfg = Release|Any CPU
		{91325396-30E5-488D-856A-B654128470E5}.Release|Any CPU.Build.0 = Release|Any CPU
	EndGlobalSection
	GlobalSection(SolutionProperties) = preSolution
		HideSolutionNode = FALSE
	EndGlobalSection
	GlobalSection(ExtensibilityGlobals) = postSolution
		SolutionGuid = {AC5B2042-92EB-437D-9AD0-72AB8BAAE8B8}
	EndGlobalSection
EndGlobal
